
Microsoft Visual Studio Solution File, Format Version 12.00
# Visual Studio Version 16
VisualStudioVersion = 16.0.31112.23
MinimumVisualStudioVersion = 10.0.40219.1
Project("{9A19103F-16F7-4668-BE54-9A1E7A4F7556}") = "CastServer", "CastServer\CastServer.csproj", "{E6061C2F-8BFB-4BDE-8FAB-31FBC73996A7}"
EndProject
Project("{FAE04EC0-301F-11D3-BF4B-00C04F79EFBC}") = "ConsoleServer", "ConsoleServer\ConsoleServer.csproj", "{7202BCBA-9A1E-40F7-A0DD-FD19844D0D1B}"
EndProject
Project("{FAE04EC0-301F-11D3-BF4B-00C04F79EFBC}") = "StreamServer", "StreamServer\StreamServer.csproj", "{AB7F21FA-8EB3-477E-AF52-7EC7A5BA911F}"
EndProject
Global
	GlobalSection(SolutionConfigurationPlatforms) = preSolution
		Debug|Any CPU = Debug|Any CPU
		Release|Any CPU = Release|Any CPU
	EndGlobalSection
	GlobalSection(ProjectConfigurationPlatforms) = postSolution
		{E6061C2F-8BFB-4BDE-8FAB-31FBC73996A7}.Debug|Any CPU.ActiveCfg = Debug|Any CPU
		{E6061C2F-8BFB-4BDE-8FAB-31FBC73996A7}.Debug|Any CPU.Build.0 = Debug|Any CPU
		{E6061C2F-8BFB-4BDE-8FAB-31FBC73996A7}.Release|Any CPU.ActiveCfg = Release|Any CPU
		{E6061C2F-8BFB-4BDE-8FAB-31FBC73996A7}.Release|Any CPU.Build.0 = Release|Any CPU
		{7202BCBA-9A1E-40F7-A0DD-FD19844D0D1B}.Debug|Any CPU.ActiveCfg = Debug|Any CPU
		{7202BCBA-9A1E-40F7-A0DD-FD19844D0D1B}.Debug|Any CPU.Build.0 = Debug|Any CPU
		{7202BCBA-9A1E-40F7-A0DD-FD19844D0D1B}.Release|Any CPU.ActiveCfg = Release|Any CPU
		{7202BCBA-9A1E-40F7-A0DD-FD19844D0D1B}.Release|Any CPU.Build.0 = Release|Any CPU
		{AB7F21FA-8EB3-477E-AF52-7EC7A5BA911F}.Debug|Any CPU.ActiveCfg = Debug|Any CPU
		{AB7F21FA-8EB3-477E-AF52-7EC7A5BA911F}.Debug|Any CPU.Build.0 = Debug|Any CPU
		{AB7F21FA-8EB3-477E-AF52-7EC7A5BA911F}.Release|Any CPU.ActiveCfg = Release|Any CPU
		{AB7F21FA-8EB3-477E-AF52-7EC7A5BA911F}.Release|Any CPU.Build.0 = Release|Any CPU
	EndGlobalSection
	GlobalSection(SolutionProperties) = preSolution
		HideSolutionNode = FALSE
	EndGlobalSection
	GlobalSection(ExtensibilityGlobals) = postSolution
		SolutionGuid = {84B790F3-29F7-41DF-B986-B2F75E2D9CC4}
	EndGlobalSection
EndGlobal
